PODS:
  - ElliotableSwiftUI (0.0.1)
  - Realm (10.1.1):
    - Realm/Headers (= 10.1.1)
  - Realm/Headers (10.1.1)
  - RealmSwift (10.1.1):
    - Realm (= 10.1.1)
  - ToastUI (1.2.1)

DEPENDENCIES:
  - ElliotableSwiftUI
  - RealmSwift
  - ToastUI

SPEC REPOS:
  trunk:
    - ElliotableSwiftUI
    - Realm
    - RealmSwift
    - ToastUI

SPEC CHECKSUMS:
  ElliotableSwiftUI: 543b18ca931a7986b690239f48a5cfdc177a1184
  Realm: 784ca1da1453e31a9c9adc14445421a81f316119
  RealmSwift: cc52fe0dcea56387274dff36e19219e055a3bb84
  ToastUI: 446281c689dbe001c3c7cdbcf9f15ef776b8334e

PODFILE CHECKSUM: 07ea3213ab82b89f334a2033d6b1b755334912e6

COCOAPODS: 1.10.0
